// !$*UTF8*$!
{
	archiveVersion = 1;
	classes = {
	};
	objectVersion = 56;
	objects = {

/* Begin PBXBuildFile section */
		C64D62532C14B8EF001A0E36 /* AppDelegate.swift in Sources */ = {isa = PBXBuildFile; fileRef = C64D62522C14B8EF001A0E36 /* AppDelegate.swift */; };
		C64D62552C14B8EF001A0E36 /* SceneDelegate.swift in Sources */ = {isa = PBXBuildFile; fileRef = C64D62542C14B8EF001A0E36 /* SceneDelegate.swift */; };
		C64D62572C14B8EF001A0E36 /* ViewController.swift in Sources */ = {isa = PBXBuildFile; fileRef = C64D62562C14B8EF001A0E36 /* ViewController.swift */; };
		C64D625C2C14B8F0001A0E36 /* Assets.xcassets in Resources */ = {isa = PBXBuildFile; fileRef = C64D625B2C14B8F0001A0E36 /* Assets.xcassets */; };
		C64D625F2C14B8F0001A0E36 /* Base in Resources */ = {isa = PBXBuildFile; fileRef = C64D625E2C14B8F0001A0E36 /* Base */; };
		C64D62682C14BAC1001A0E36 /* Zodiac.swift in Sources */ = {isa = PBXBuildFile; fileRef = C64D62672C14BAC1001A0E36 /* Zodiac.swift */; };
		C64D626B2C14BAD3001A0E36 /* SnapKit in Frameworks */ = {isa = PBXBuildFile; productRef = C64D626A2C14BAD3001A0E36 /* SnapKit */; };
		C64D626D2C14BAD3001A0E36 /* SnapKit-Dynamic in Frameworks */ = {isa = PBXBuildFile; productRef = C64D626C2C14BAD3001A0E36 /* SnapKit-Dynamic */; };
		C64D626F2C14BC1D001A0E36 /* Person.swift in Sources */ = {isa = PBXBuildFile; fileRef = C64D626E2C14BC1D001A0E36 /* Person.swift */; };
/* End PBXBuildFile section */

/* Begin PBXFileReference section */
		C64D624F2C14B8EF001A0E36 /* Challange-Module-9-Layout.app */ = {isa = PBXFileReference; explicitFileType = wrapper.application; includeInIndex = 0; path = "Challange-Module-9-Layout.app"; sourceTree = BUILT_PRODUCTS_DIR; };
		C64D62522C14B8EF001A0E36 /* AppDelegate.swift */ = {isa = PBXFileReference; lastKnownFileType = sourcecode.swift; path = AppDelegate.swift; sourceTree = "<group>"; };
		C64D62542C14B8EF001A0E36 /* SceneDelegate.swift */ = {isa = PBXFileReference; lastKnownFileType = sourcecode.swift; path = SceneDelegate.swift; sourceTree = "<group>"; };
		C64D62562C14B8EF001A0E36 /* ViewController.swift */ = {isa = PBXFileReference; lastKnownFileType = sourcecode.swift; path = ViewController.swift; sourceTree = "<group>"; };
		C64D625B2C14B8F0001A0E36 /* Assets.xcassets */ = {isa = PBXFileReference; lastKnownFileType = folder.assetcatalog; path = Assets.xcassets; sourceTree = "<group>"; };
		C64D625E2C14B8F0001A0E36 /* Base */ = {isa = PBXFileReference; lastKnownFileType = file.storyboard; name = Base; path = Base.lproj/LaunchScreen.storyboard; sourceTree = "<group>"; };
		C64D62602C14B8F0001A0E36 /* Info.plist */ = {isa = PBXFileReference; lastKnownFileType = text.plist.xml; path = Info.plist; sourceTree = "<group>"; };
		C64D62672C14BAC1001A0E36 /* Zodiac.swift */ = {isa = PBXFileReference; lastKnownFileType = sourcecode.swift; path = Zodiac.swift; sourceTree = "<group>"; };
		C64D626E2C14BC1D001A0E36 /* Person.swift */ = {isa = PBXFileReference; lastKnownFileType = sourcecode.swift; path = Person.swift; sourceTree = "<group>"; };
/* End PBXFileReference section */

/* Begin PBXFrameworksBuildPhase section */
		C64D624C2C14B8EF001A0E36 /* Frameworks */ = {
			isa = PBXFrameworksBuildPhase;
			buildActionMask = 2147483647;
			files = (
				C64D626B2C14BAD3001A0E36 /* SnapKit in Frameworks */,
				C64D626D2C14BAD3001A0E36 /* SnapKit-Dynamic in Frameworks */,
			);
			runOnlyForDeploymentPostprocessing = 0;
		};
/* End PBXFrameworksBuildPhase section */

/* Begin PBXGroup section */
		C64D62462C14B8EF001A0E36 = {
			isa = PBXGroup;
			children = (
				C64D62512C14B8EF001A0E36 /* Challange-ZodiacSign-Layout */,
				C64D62502C14B8EF001A0E36 /* Products */,
			);
			sourceTree = "<group>";
		};
		C64D62502C14B8EF001A0E36 /* Products */ = {
			isa = PBXGroup;
			children = (
				C64D624F2C14B8EF001A0E36 /* Challange-Module-9-Layout.app */,
			);
			name = Products;
			sourceTree = "<group>";
		};
		C64D62512C14B8EF001A0E36 /* Challange-ZodiacSign-Layout */ = {
			isa = PBXGroup;
			children = (
				C64D62712C14C964001A0E36 /* Support */,
				C64D62662C14BAA0001A0E36 /* Model */,
				C64D62702C14C95A001A0E36 /* Screens */,
				C64D62722C14C978001A0E36 /* Resources */,
				C64D62602C14B8F0001A0E36 /* Info.plist */,
			);
			path = "Challange-ZodiacSign-Layout";
			sourceTree = "<group>";
		};
		C64D62662C14BAA0001A0E36 /* Model */ = {
			isa = PBXGroup;
			children = (
				C64D62672C14BAC1001A0E36 /* Zodiac.swift */,
				C64D626E2C14BC1D001A0E36 /* Person.swift */,
			);
			path = Model;
			sourceTree = "<group>";
		};
		C64D62702C14C95A001A0E36 /* Screens */ = {
			isa = PBXGroup;
			children = (
				C64D625D2C14B8F0001A0E36 /* LaunchScreen.storyboard */,
				C64D62562C14B8EF001A0E36 /* ViewController.swift */,
			);
			path = Screens;
			sourceTree = "<group>";
		};
		C64D62712C14C964001A0E36 /* Support */ = {
			isa = PBXGroup;
			children = (
				C64D62542C14B8EF001A0E36 /* SceneDelegate.swift */,
				C64D62522C14B8EF001A0E36 /* AppDelegate.swift */,
			);
			path = Support;
			sourceTree = "<group>";
		};
		C64D62722C14C978001A0E36 /* Resources */ = {
			isa = PBXGroup;
			children = (
				C64D625B2C14B8F0001A0E36 /* Assets.xcassets */,
			);
			path = Resources;
			sourceTree = "<group>";
		};
/* End PBXGroup section */

/* Begin PBXNativeTarget section */
		C64D624E2C14B8EF001A0E36 /* Challange-Module-9-Layout */ = {
			isa = PBXNativeTarget;
			buildConfigurationList = C64D62632C14B8F0001A0E36 /* Build configuration list for PBXNativeTarget "Challange-Module-9-Layout" */;
			buildPhases = (
				C64D624B2C14B8EF001A0E36 /* Sources */,
				C64D624C2C14B8EF001A0E36 /* Frameworks */,
				C64D624D2C14B8EF001A0E36 /* Resources */,
			);
			buildRules = (
			);
			dependencies = (
			);
			name = "Challange-Module-9-Layout";
			packageProductDependencies = (
				C64D626A2C14BAD3001A0E36 /* SnapKit */,
				C64D626C2C14BAD3001A0E36 /* SnapKit-Dynamic */,
			);
			productName = "Challange-Module-9-Layout";
			productReference = C64D624F2C14B8EF001A0E36 /* Challange-Module-9-Layout.app */;
			productType = "com.apple.product-type.application";
		};
/* End PBXNativeTarget section */

/* Begin PBXProject section */
		C64D62472C14B8EF001A0E36 /* Project object */ = {
			isa = PBXProject;
			attributes = {
				BuildIndependentTargetsInParallel = 1;
				LastSwiftUpdateCheck = 1530;
				LastUpgradeCheck = 1530;
				TargetAttributes = {
					C64D624E2C14B8EF001A0E36 = {
						CreatedOnToolsVersion = 15.3;
					};
				};
			};
			buildConfigurationList = C64D624A2C14B8EF001A0E36 /* Build configuration list for PBXProject "Challange-ZodiacSign-Layout" */;
			compatibilityVersion = "Xcode 14.0";
			developmentRegion = en;
			hasScannedForEncodings = 0;
			knownRegions = (
				en,
				Base,
			);
			mainGroup = C64D62462C14B8EF001A0E36;
			packageReferences = (
				C64D62692C14BAD3001A0E36 /* XCRemoteSwiftPackageReference "SnapKit" */,
			);
			productRefGroup = C64D62502C14B8EF001A0E36 /* Products */;
			projectDirPath = "";
			projectRoot = "";
			targets = (
				C64D624E2C14B8EF001A0E36 /* Challange-Module-9-Layout */,
			);
		};
/* End PBXProject section */

/* Begin PBXResourcesBuildPhase section */
		C64D624D2C14B8EF001A0E36 /* Resources */ = {
			isa = PBXResourcesBuildPhase;
			buildActionMask = 2147483647;
			files = (
				C64D625C2C14B8F0001A0E36 /* Assets.xcassets in Resources */,
				C64D625F2C14B8F0001A0E36 /* Base in Resources */,
			);
			runOnlyForDeploymentPostprocessing = 0;
		};
/* End PBXResourcesBuildPhase section */

/* Begin PBXSourcesBuildPhase section */
		C64D624B2C14B8EF001A0E36 /* Sources */ = {
			isa = PBXSourcesBuildPhase;
			buildActionMask = 2147483647;
			files = (
				C64D626F2C14BC1D001A0E36 /* Person.swift in Sources */,
				C64D62572C14B8EF001A0E36 /* ViewController.swift in Sources */,
				C64D62682C14BAC1001A0E36 /* Zodiac.swift in Sources */,
				C64D62532C14B8EF001A0E36 /* AppDelegate.swift in Sources */,
				C64D62552C14B8EF001A0E36 /* SceneDelegate.swift in Sources */,
			);
			runOnlyForDeploymentPostprocessing = 0;
		};
/* End PBXSourcesBuildPhase section */

/* Begin PBXVariantGroup section */
		C64D625D2C14B8F0001A0E36 /* LaunchScreen.storyboard */ = {
			isa = PBXVariantGroup;
			children = (
				C64D625E2C14B8F0001A0E36 /* Base */,
			);
			name = LaunchScreen.storyboard;
			sourceTree = "<group>";
		};
/* End PBXVariantGroup section */

/* Begin XCBuildConfiguration section */
		C64D62612C14B8F0001A0E36 /* Debug */ = {
			isa = XCBuildConfiguration;
			buildSettings = {
				ALWAYS_SEARCH_USER_PATHS = NO;
				ASSETCATALOG_COMPILER_GENERATE_SWIFT_ASSET_SYMBOL_EXTENSIONS = YES;
				CLANG_ANALYZER_NONNULL = YES;
				CLANG_ANALYZER_NUMBER_OBJECT_CONVERSION = YES_AGGRESSIVE;
				CLANG_CXX_LANGUAGE_STANDARD = "gnu++20";
				CLANG_ENABLE_MODULES = YES;
				CLANG_ENABLE_OBJC_ARC = YES;
				CLANG_ENABLE_OBJC_WEAK = YES;
				CLANG_WARN_BLOCK_CAPTURE_AUTORELEASING = YES;
				CLANG_WARN_BOOL_CONVERSION = YES;
				CLANG_WARN_COMMA = YES;
				CLANG_WARN_CONSTANT_CONVERSION = YES;
				CLANG_WARN_DEPRECATED_OBJC_IMPLEMENTATIONS = YES;
				CLANG_WARN_DIRECT_OBJC_ISA_USAGE = YES_ERROR;
				CLANG_WARN_DOCUMENTATION_COMMENTS = YES;
				CLANG_WARN_EMPTY_BODY = YES;
				CLANG_WARN_ENUM_CONVERSION = YES;
				CLANG_WARN_INFINITE_RECURSION = YES;
				CLANG_WARN_INT_CONVERSION = YES;
				CLANG_WARN_NON_LITERAL_NULL_CONVERSION = YES;
				CLANG_WARN_OBJC_IMPLICIT_RETAIN_SELF = YES;
				CLANG_WARN_OBJC_LITERAL_CONVERSION = YES;
				CLANG_WARN_OBJC_ROOT_CLASS = YES_ERROR;
				CLANG_WARN_QUOTED_INCLUDE_IN_FRAMEWORK_HEADER = YES;
				CLANG_WARN_RANGE_LOOP_ANALYSIS = YES;
				CLANG_WARN_STRICT_PROTOTYPES = YES;
				CLANG_WARN_SUSPICIOUS_MOVE = YES;
				CLANG_WARN_UNGUARDED_AVAILABILITY = YES_AGGRESSIVE;
				CLANG_WARN_UNREACHABLE_CODE = YES;
				CLANG_WARN__DUPLICATE_METHOD_MATCH = YES;
				COPY_PHASE_STRIP = NO;
				DEBUG_INFORMATION_FORMAT = dwarf;
				ENABLE_STRICT_OBJC_MSGSEND = YES;
				ENABLE_TESTABILITY = YES;
				ENABLE_USER_SCRIPT_SANDBOXING = YES;
				GCC_C_LANGUAGE_STANDARD = gnu17;
				GCC_DYNAMIC_NO_PIC = NO;
				GCC_NO_COMMON_BLOCKS = YES;
				GCC_OPTIMIZATION_LEVEL = 0;
				GCC_PREPROCESSOR_DEFINITIONS = (
					"DEBUG=1",
					"$(inherited)",
				);
				GCC_WARN_64_TO_32_BIT_CONVERSION = YES;
				GCC_WARN_ABOUT_RETURN_TYPE = YES_ERROR;
				GCC_WARN_UNDECLARED_SELECTOR = YES;
				GCC_WARN_UNINITIALIZED_AUTOS = YES_AGGRESSIVE;
				GCC_WARN_UNUSED_FUNCTION = YES;
				GCC_WARN_UNUSED_VARIABLE = YES;
				IPHONEOS_DEPLOYMENT_TARGET = 17.4;
				LOCALIZATION_PREFERS_STRING_CATALOGS = YES;
				MTL_ENABLE_DEBUG_INFO = INCLUDE_SOURCE;
				MTL_FAST_MATH = YES;
				ONLY_ACTIVE_ARCH = YES;
				SDKROOT = iphoneos;
				SWIFT_ACTIVE_COMPILATION_CONDITIONS = "DEBUG $(inherited)";
				SWIFT_OPTIMIZATION_LEVEL = "-Onone";
			};
			name = Debug;
		};
		C64D62622C14B8F0001A0E36 /* Release */ = {
			isa = XCBuildConfiguration;
			buildSettings = {
				ALWAYS_SEARCH_USER_PATHS = NO;
				ASSETCATALOG_COMPILER_GENERATE_SWIFT_ASSET_SYMBOL_EXTENSIONS = YES;
				CLANG_ANALYZER_NONNULL = YES;
				CLANG_ANALYZER_NUMBER_OBJECT_CONVERSION = YES_AGGRESSIVE;
				CLANG_CXX_LANGUAGE_STANDARD = "gnu++20";
				CLANG_ENABLE_MODULES = YES;
				CLANG_ENABLE_OBJC_ARC = YES;
				CLANG_ENABLE_OBJC_WEAK = YES;
				CLANG_WARN_BLOCK_CAPTURE_AUTORELEASING = YES;
				CLANG_WARN_BOOL_CONVERSION = YES;
				CLANG_WARN_COMMA = YES;
				CLANG_WARN_CONSTANT_CONVERSION = YES;
				CLANG_WARN_DEPRECATED_OBJC_IMPLEMENTATIONS = YES;
				CLANG_WARN_DIRECT_OBJC_ISA_USAGE = YES_ERROR;
				CLANG_WARN_DOCUMENTATION_COMMENTS = YES;
				CLANG_WARN_EMPTY_BODY = YES;
				CLANG_WARN_ENUM_CONVERSION = YES;
				CLANG_WARN_INFINITE_RECURSION = YES;
				CLANG_WARN_INT_CONVERSION = YES;
				CLANG_WARN_NON_LITERAL_NULL_CONVERSION = YES;
				CLANG_WARN_OBJC_IMPLICIT_RETAIN_SELF = YES;
				CLANG_WARN_OBJC_LITERAL_CONVERSION = YES;
				CLANG_WARN_OBJC_ROOT_CLASS = YES_ERROR;
				CLANG_WARN_QUOTED_INCLUDE_IN_FRAMEWORK_HEADER = YES;
				CLANG_WARN_RANGE_LOOP_ANALYSIS = YES;
				CLANG_WARN_STRICT_PROTOTYPES = YES;
				CLANG_WARN_SUSPICIOUS_MOVE = YES;
				CLANG_WARN_UNGUARDED_AVAILABILITY = YES_AGGRESSIVE;
				CLANG_WARN_UNREACHABLE_CODE = YES;
				CLANG_WARN__DUPLICATE_METHOD_MATCH = YES;
				COPY_PHASE_STRIP = NO;
				DEBUG_INFORMATION_FORMAT = "dwarf-with-dsym";
				ENABLE_NS_ASSERTIONS = NO;
				ENABLE_STRICT_OBJC_MSGSEND = YES;
				ENABLE_USER_SCRIPT_SANDBOXING = YES;
				GCC_C_LANGUAGE_STANDARD = gnu17;
				GCC_NO_COMMON_BLOCKS = YES;
				GCC_WARN_64_TO_32_BIT_CONVERSION = YES;
				GCC_WARN_ABOUT_RETURN_TYPE = YES_ERROR;
				GCC_WARN_UNDECLARED_SELECTOR = YES;
				GCC_WARN_UNINITIALIZED_AUTOS = YES_AGGRESSIVE;
				GCC_WARN_UNUSED_FUNCTION = YES;
				GCC_WARN_UNUSED_VARIABLE = YES;
				IPHONEOS_DEPLOYMENT_TARGET = 17.4;
				LOCALIZATION_PREFERS_STRING_CATALOGS = YES;
				MTL_ENABLE_DEBUG_INFO = NO;
				MTL_FAST_MATH = YES;
				SDKROOT = iphoneos;
				SWIFT_COMPILATION_MODE = wholemodule;
				VALIDATE_PRODUCT = YES;
			};
			name = Release;
		};
		C64D62642C14B8F0001A0E36 /* Debug */ = {
			isa = XCBuildConfiguration;
			buildSettings = {
				ASSETCATALOG_COMPILER_APPICON_NAME = AppIcon;
				ASSETCATALOG_COMPILER_GLOBAL_ACCENT_COLOR_NAME = AccentColor;
				CODE_SIGN_STYLE = Automatic;
				CURRENT_PROJECT_VERSION = 1;
				DEVELOPMENT_TEAM = 69M929ZQ47;
				GENERATE_INFOPLIST_FILE = YES;
				INFOPLIST_FILE = "Challange-Module-9-Layout/Info.plist";
				INFOPLIST_KEY_UIApplicationSupportsIndirectInputEvents = YES;
				INFOPLIST_KEY_UILaunchStoryboardName = LaunchScreen;
				INFOPLIST_KEY_UISupportedInterfaceOrientations_iPad = "UIInterfaceOrientationPortrait UIInterfaceOrientationPortraitUpsideDown UIInterfaceOrientationLandscapeLeft UIInterfaceOrientationLandscapeRight";
				INFOPLIST_KEY_UISupportedInterfaceOrientations_iPhone = "UIInterfaceOrientationPortrait UIInterfaceOrientationLandscapeLeft UIInterfaceOrientationLandscapeRight";
				LD_RUNPATH_SEARCH_PATHS = (
					"$(inherited)",
					"@executable_path/Frameworks",
				);
				MARKETING_VERSION = 1.0;
				PRODUCT_BUNDLE_IDENTIFIER = "com.uk-servers.Challange-Module-9-Layout";
				PRODUCT_NAME = "$(TARGET_NAME)";
				SWIFT_EMIT_LOC_STRINGS = YES;
				SWIFT_VERSION = 5.0;
				TARGETED_DEVICE_FAMILY = "1,2";
			};
			name = Debug;
		};
		C64D62652C14B8F0001A0E36 /* Release */ = {
			isa = XCBuildConfiguration;
			buildSettings = {
				ASSETCATALOG_COMPILER_APPICON_NAME = AppIcon;
				ASSETCATALOG_COMPILER_GLOBAL_ACCENT_COLOR_NAME = AccentColor;
				CODE_SIGN_STYLE = Automatic;
				CURRENT_PROJECT_VERSION = 1;
				DEVELOPMENT_TEAM = 69M929ZQ47;
				GENERATE_INFOPLIST_FILE = YES;
				INFOPLIST_FILE = "Challange-Module-9-Layout/Info.plist";
				INFOPLIST_KEY_UIApplicationSupportsIndirectInputEvents = YES;
				INFOPLIST_KEY_UILaunchStoryboardName = LaunchScreen;
				INFOPLIST_KEY_UISupportedInterfaceOrientations_iPad = "UIInterfaceOrientationPortrait UIInterfaceOrientationPortraitUpsideDown UIInterfaceOrientationLandscapeLeft UIInterfaceOrientationLandscapeRight";
				INFOPLIST_KEY_UISupportedInterfaceOrientations_iPhone = "UIInterfaceOrientationPortrait UIInterfaceOrientationLandscapeLeft UIInterfaceOrientationLandscapeRight";
				LD_RUNPATH_SEARCH_PATHS = (
					"$(inherited)",
					"@executable_path/Frameworks",
				);
				MARKETING_VERSION = 1.0;
				PRODUCT_BUNDLE_IDENTIFIER = "com.uk-servers.Challange-Module-9-Layout";
				PRODUCT_NAME = "$(TARGET_NAME)";
				SWIFT_EMIT_LOC_STRINGS = YES;
				SWIFT_VERSION = 5.0;
				TARGETED_DEVICE_FAMILY = "1,2";
			};
			name = Release;
		};
/* End XCBuildConfiguration section */

/* Begin XCConfigurationList section */
		C64D624A2C14B8EF001A0E36 /* Build configuration list for PBXProject "Challange-ZodiacSign-Layout" */ = {
			isa = XCConfigurationList;
			buildConfigurations = (
				C64D62612C14B8F0001A0E36 /* Debug */,
				C64D62622C14B8F0001A0E36 /* Release */,
			);
			defaultConfigurationIsVisible = 0;
			defaultConfigurationName = Release;
		};
		C64D62632C14B8F0001A0E36 /* Build configuration list for PBXNativeTarget "Challange-Module-9-Layout" */ = {
			isa = XCConfigurationList;
			buildConfigurations = (
				C64D62642C14B8F0001A0E36 /* Debug */,
				C64D62652C14B8F0001A0E36 /* Release */,
			);
			defaultConfigurationIsVisible = 0;
			defaultConfigurationName = Release;
		};
/* End XCConfigurationList section */

/* Begin XCRemoteSwiftPackageReference section */
		C64D62692C14BAD3001A0E36 /* XCRemoteSwiftPackageReference "SnapKit" */ = {
			isa = XCRemoteSwiftPackageReference;
			repositoryURL = "https://github.com/SnapKit/SnapKit.git";
			requirement = {
				kind = upToNextMajorVersion;
				minimumVersion = 5.7.1;
			};
		};
/* End XCRemoteSwiftPackageReference section */

/* Begin XCSwiftPackageProductDependency section */
		C64D626A2C14BAD3001A0E36 /* SnapKit */ = {
			isa = XCSwiftPackageProductDependency;
			package = C64D62692C14BAD3001A0E36 /* XCRemoteSwiftPackageReference "SnapKit" */;
			productName = SnapKit;
		};
		C64D626C2C14BAD3001A0E36 /* SnapKit-Dynamic */ = {
			isa = XCSwiftPackageProductDependency;
			package = C64D62692C14BAD3001A0E36 /* XCRemoteSwiftPackageReference "SnapKit" */;
			productName = "SnapKit-Dynamic";
		};
/* End XCSwiftPackageProductDependency section */
	};
	rootObject = C64D62472C14B8EF001A0E36 /* Project object */;
}
